PODS:
  - Alamofire (4.0.0)
  - SVProgressHUD (2.0.3)
  - SwiftyJSON (3.0.0)

DEPENDENCIES:
  - Alamofire (~> 4.0)
  - SVProgressHUD
  - SwiftyJSON (~> 3.0.0)

SPEC CHECKSUMS:
  Alamofire: fef59f00388f267e52d9b432aa5d93dc97190f14
  SVProgressHUD: b0830714205bea1317ea1a2ebc71e5633af334d4
  SwiftyJSON: f57b2b44bc166617372d1c70773591fe9f0f5fd4

PODFILE CHECKSUM: 211e67068d611f4d8e973315100f36039476fd0c

COCOAPODS: 1.1.0.rc.2
